lockfileVersion: '9.0'

settings:
  autoInstallPeers: true
  excludeLinksFromLockfile: false

importers:

  .:
    dependencies:
      tailwind-merge:
        specifier: ^3.0.2
        version: 3.0.2

packages:

  tailwind-merge@3.0.2:
    resolution: {integrity: sha512-l7z+OYZ7mu3DTqrL88RiKrKIqO3NcpEO8V/Od04bNpvk0kiIFndGEoqfuzvj4yuhRkHKjRkII2z+KS2HfPcSxw==}

snapshots:

  tailwind-merge@3.0.2: {}
